
Microsoft Visual Studio Solution File, Format Version 12.00
# Visual Studio Version 17
VisualStudioVersion = 17.7.34221.43
MinimumVisualStudioVersion = 10.0.40219.1
Project("{FAE04EC0-301F-11D3-BF4B-00C04F79EFBC}") = "enes482", "enes482\enes482.csproj", "{C661361F-DCF9-4DCC-AE10-8F9E9DBE9307}"
EndProject
Global
	GlobalSection(SolutionConfigurationPlatforms) = preSolution
		Debug|Any CPU = Debug|Any CPU
		Release|Any CPU = Release|Any CPU
	EndGlobalSection
	GlobalSection(ProjectConfigurationPlatforms) = postSolution
		{C661361F-DCF9-4DCC-AE10-8F9E9DBE9307}.Debug|Any CPU.ActiveCfg = Debug|Any CPU
		{C661361F-DCF9-4DCC-AE10-8F9E9DBE9307}.Debug|Any CPU.Build.0 = Debug|Any CPU
		{C661361F-DCF9-4DCC-AE10-8F9E9DBE9307}.Release|Any CPU.ActiveCfg = Release|Any CPU
		{C661361F-DCF9-4DCC-AE10-8F9E9DBE9307}.Release|Any CPU.Build.0 = Release|Any CPU
	EndGlobalSection
	GlobalSection(SolutionProperties) = preSolution
		HideSolutionNode = FALSE
	EndGlobalSection
	GlobalSection(ExtensibilityGlobals) = postSolution
		SolutionGuid = {3FA12948-5989-40B1-A210-FA66E1C32BDE}
	EndGlobalSection
EndGlobal
